github.com/MichaelTJones/walk v0.0.0-20161122175330-4748e29d5718 h1:FSsoaa1q4jAaeiAUxf9H0PgFP7eA/UL6c3PdJH+nMN4=
github.com/MichaelTJones/walk v0.0.0-20161122175330-4748e29d5718/go.mod h1:VVwKsx9Dc8rNG55BWqogoJzGubjKnRoXdUvpGbWqeCc=
github.com/howeyc/gopass v0.0.0-20170109162249-bf9dde6d0d2c h1:kQWxfPIHVLbgLzphqk3QUflDy9QdksZR4ygR807bpy0=
github.com/howeyc/gopass v0.0.0-20170109162249-bf9dde6d0d2c/go.mod h1:lADxMC39cJJqL93Duh1xhAs4I2Zs8mKS89XWXFGp9cs=
github.com/joho/godotenv v1.3.0 h1:Zjp+RcGpHhGlrMbJzXTrZZPrWj+1vfm90La1wgB6Bhc=
github.com/joho/godotenv v1.3.0/go.mod h1:7hK45KPybAkOC6peb+G5yklZfMxEjkZhHbwpqxOKXbg=
github.com/kayac/ddl-maker v0.0.0-20180417095909-cc66923c35be h1:cSSxZxsI1X4o4N0zeFWnDqVudhMYdhl/nkF4WHy9TR4=
github.com/kayac/ddl-maker v0.0.0-20180417095909-cc66923c35be/go.mod h1:S/cE8Oc+i4VWU8rcWyV0QpdNrVFsWjXo94993m1ZEL0=
github.com/mattn/go-colorable v0.0.9 h1:UVL0vNpWh04HeJXV0KLcaT7r06gOH2l4OW6ddYRUIY4=
github.com/mattn/go-colorable v0.0.9/go.mod h1:9vuHe8Xs5qXnSaW/c/ABM9alt+Vo+STaOChaDxuIBZU=
github.com/mattn/go-isatty v0.0.4 h1:bnP0vzxcAdeI1zdubAl5PjU6zsERjGZb7raWodagDYs=
github.com/mattn/go-isatty v0.0.4/go.mod h1:M+lRXTBqGeGNdLjl/ufCoiOlB5xdOkqRJdNxMWT7Zi4=
github.com/mgutz/ansi v0.0.0-20170206155736-9520e82c474b h1:j7+1HpAFS1zy5+Q4qx1fWh90gTKwiN4QCGoY9TWyyO4=
github.com/mgutz/ansi v0.0.0-20170206155736-9520e82c474b/go.mod h1:01TrycV0kFyexm33Z7vhZRXopbI8J3TDReVlkTgMUxE=
github.com/mgutz/minimist v0.0.0-20151219120022-39eb8cf573ca h1:pXeroI6JhWPe9YJHw65Vs7yLhgWn3mY1+jOq8MtmqY0=
github.com/mgutz/minimist v0.0.0-20151219120022-39eb8cf573ca/go.mod h1:CemPqfWh2DIz3wQET7z9z6N2niRz/HF2+cM/lIm3ieY=
github.com/mgutz/str v1.2.0 h1:4IzWSdIz9qPQWLfKZ0rJcV0jcUDpxvP4JVZ4GXQyvSw=
github.com/mgutz/str v1.2.0/go.mod h1:w1v0ofgLaJdoD0HpQ3fycxKD1WtxpjSo151pK/31q6w=
github.com/mgutz/to v1.0.0 h1:rMavw/T9DWwmjl7Vi/xrPjFu+yoN555DVDqJbjGmwDQ=
github.com/mgutz/to v1.0.0/go.mod h1:frEfNDHS+97/hJI/aqaT4Rm+utwYs1T7NLNUjxLk+N8=
github.com/nozzle/throttler v0.0.0-20180817012639-2ea982251481 h1:Up6+btDp321ZG5/zdSLo48H9Iaq0UQGthrhWC6pCxzE=
github.com/nozzle/throttler v0.0.0-20180817012639-2ea982251481/go.mod h1:yKZQO8QE2bHlgozqWDiRVqTFlLQSj30K/6SAK8EeYFw=
github.com/pkg/errors v0.8.0 h1:WdK/asTD0HN+q6hsWO3/vpuAkAr+tw6aNJNDFFf0+qw=
github.com/pkg/errors v0.8.0/go.mod h1:bwawxfHBFNV+L2hUp1rHADufV3IMtnDRdf1r5NINEl0=
github.com/serenize/snaker v0.0.0-20171204205717-a683aaf2d516 h1:ofR1ZdrNSkiWcMsRrubK9tb2/SlZVWttAfqUjJi6QYc=
github.com/serenize/snaker v0.0.0-20171204205717-a683aaf2d516/go.mod h1:Yow6lPLSAXx2ifx470yD/nUe22Dv5vBvxK/UK9UUTVs=
golang.org/x/crypto v0.0.0-20181001203147-e3636079e1a4 h1:Vk3wNqEZwyGyei9yq5ekj7frek2u7HUfffJ1/opblzc=
golang.org/x/crypto v0.0.0-20181001203147-e3636079e1a4/go.mod h1:6SG95UA2DQfeDnfUPMdvaQW0Q7yPrPDi9nlGo2tz2b4=
golang.org/x/sys v0.0.0-20181005133103-4497e2df6f9e h1:EfdBzeKbFSvOjoIqSZcfS8wp0FBLokGBEs9lz1OtSg0=
golang.org/x/sys v0.0.0-20181005133103-4497e2df6f9e/go.mod h1:STP8DvDyc/dI5b8T5hshtkjS+E42TnysNCUPdjciGhY=
gopkg.in/godo.v2 v2.0.9 h1:jnbznTzXVk0JDKOxN3/LJLDPYJzIl0734y+Z0cEJb4A=
gopkg.in/godo.v2 v2.0.9/go.mod h1:wgvPPKLsWN0hPIJ4JyxvFGGbIW3fJMSrXhdvSuZ1z/8=
