# This file is autogenerated, do not edit; changes may be undone by the next 'dep ensure'.


[[projects]]
  branch = "master"
  name = "github.com/MichaelTJones/walk"
  packages = ["."]
  revision = "4748e29d5718c2df4028a6543edf86fd8cc0f881"

[[projects]]
  name = "github.com/deckarep/golang-set"
  packages = ["."]
  revision = "cbaa98ba5575e67703b32b4b19f73c91f3c4159e"
  version = "v1.7.1"

[[projects]]
  name = "github.com/go-sql-driver/mysql"
  packages = ["."]
  revision = "d523deb1b23d913de5bdada721a6071e71283618"
  version = "v1.4.0"

[[projects]]
  branch = "master"
  name = "github.com/howeyc/gopass"
  packages = ["."]
  revision = "bf9dde6d0d2c004a008c27aaee91170c786f6db8"

[[projects]]
  branch = "master"
  name = "github.com/jmoiron/sqlx"
  packages = [
    ".",
    "reflectx"
  ]
  revision = "0dae4fefe7c0e190f7b5a78dac28a1c82cc8d849"

[[projects]]
  name = "github.com/joho/godotenv"
  packages = ["."]
  revision = "23d116af351c84513e1946b527c88823e476be13"
  version = "v1.3.0"

[[projects]]
  branch = "master"
  name = "github.com/kayac/ddl-maker"
  packages = [
    ".",
    "dialect",
    "dialect/mysql"
  ]
  revision = "cc66923c35bee623ad74bcee2ad9c939e95ec3b6"

[[projects]]
  name = "github.com/mattn/go-colorable"
  packages = ["."]
  revision = "167de6bfdfba052fa6b2d3664c8f5272e23c9072"
  version = "v0.0.9"

[[projects]]
  name = "github.com/mattn/go-isatty"
  packages = ["."]
  revision = "6ca4dbf54d38eea1a992b3c722a76a5d1c4cb25c"
  version = "v0.0.4"

[[projects]]
  branch = "master"
  name = "github.com/mgutz/ansi"
  packages = ["."]
  revision = "9520e82c474b0a04dd04f8a40959027271bab992"

[[projects]]
  branch = "master"
  name = "github.com/mgutz/minimist"
  packages = ["."]
  revision = "39eb8cf573ca29344bd7d7e6ba4d7febdebd37a9"

[[projects]]
  name = "github.com/mgutz/str"
  packages = ["."]
  revision = "968bf66e3da857419e4f6e71b2d5c9ae95682dc4"
  version = "v1.2.0"

[[projects]]
  name = "github.com/mgutz/to"
  packages = ["."]
  revision = "00c06406c2dd2e011f153a6502a21473676db33f"
  version = "v1.0.0"

[[projects]]
  name = "github.com/nozzle/throttler"
  packages = ["."]
  revision = "93e5576933fecb0d3fb25f2d2e50a012efd93ca0"
  version = "v1.1"

[[projects]]
  name = "github.com/pkg/errors"
  packages = ["."]
  revision = "645ef00459ed84a119197bfb8d8205042c6df63d"
  version = "v0.8.0"

[[projects]]
  branch = "master"
  name = "github.com/schemalex/git-schemalex"
  packages = ["."]
  revision = "b690b7f9e063aac60e6573f50adcd647f8b7d0c5"

[[projects]]
  name = "github.com/schemalex/schemalex"
  packages = [
    ".",
    "diff",
    "format",
    "internal/errors",
    "internal/util",
    "model"
  ]
  revision = "4a05bb9d8ca9ef56ab4f2f4bf094f234c9094b6c"
  version = "v0.0.8"

[[projects]]
  branch = "master"
  name = "github.com/serenize/snaker"
  packages = ["."]
  revision = "a683aaf2d516deecd70cad0c72e3ca773ecfcef0"

[[projects]]
  branch = "master"
  name = "golang.org/x/crypto"
  packages = ["ssh/terminal"]
  revision = "e3636079e1a4c1f337f212cc5cd2aca108f6c900"

[[projects]]
  branch = "master"
  name = "golang.org/x/sys"
  packages = [
    "unix",
    "windows"
  ]
  revision = "4497e2df6f9e69048a54498c7affbbec3294ad47"

[[projects]]
  name = "google.golang.org/appengine"
  packages = ["cloudsql"]
  revision = "ae0ab99deb4dc413a2b4bd6c8bdd0eb67f1e4d06"
  version = "v1.2.0"

[[projects]]
  name = "gopkg.in/godo.v2"
  packages = [
    ".",
    "glob",
    "util",
    "watcher",
    "watcher/fswatch"
  ]
  revision = "b5fd2f0bef1ebe832e628cfad18ab1cc707f65a1"
  version = "v2.0.9"

[solve-meta]
  analyzer-name = "dep"
  analyzer-version = 1
  inputs-digest = "4942e0f735f4485b557ffccb931c9e938f5f78e55d05c57aaf48b80a28d6b0db"
  solver-name = "gps-cdcl"
  solver-version = 1
